
Microsoft Visual Studio Solution File, Format Version 12.00
# Visual Studio Version 16
VisualStudioVersion = 16.0.29001.49
MinimumVisualStudioVersion = 15.0.26124.0
Project("{2150E333-8FDC-42A3-9474-1A3956D46DE8}") = "Solution Items", "Solution Items", "{E3580F9C-2DDF-488C-85C7-C689E48F5303}"
	ProjectSection(SolutionItems) = preProject
		.editorconfig = .editorconfig
		.gitattributes = .gitattributes
		.gitignore = .gitignore
		NuGet.config = NuGet.config
	EndProjectSection
EndProject
Project("{9A19103F-16F7-4668-BE54-9A1E7A4F7556}") = "BMSCommon", "B:\BiblePay\BiblePayBMS\BMS\BMSCommon\BMSCommon\BMSCommon.csproj", "{12BB7BF0-7C59-4E95-80C4-56A6BCBF5321}"
EndProject
Project("{9A19103F-16F7-4668-BE54-9A1E7A4F7556}") = "BBPTestHarness", "B:\BiblePay\BBPTestHarness\BBPTestHarness\BBPTestHarness\BBPTestHarness.csproj", "{AEE6791A-68A0-4526-88AA-8CEF0F35D28A}"
EndProject
Project("{9A19103F-16F7-4668-BE54-9A1E7A4F7556}") = "BiblePay.BMSD", "B:\BiblePay\BiblePayBMS\BMS\BMS.BMSD\BiblePay.BMSD.csproj", "{E14070D3-71B3-4CF2-ACCA-8F42EEA2054C}"
EndProject
Project("{9A19103F-16F7-4668-BE54-9A1E7A4F7556}") = "BiblePay.BMS", "BiblePay.BMS.csproj", "{6AC5BE55-759C-492D-95F6-EE2F033A5BC3}"
EndProject
Project("{9A19103F-16F7-4668-BE54-9A1E7A4F7556}") = "NBitcoin", "BMSCommon\BMSCommon\Dependencies\NBitcoin-master\NBitcoin\NBitcoin.csproj", "{83833868-4A94-4B95-ABA7-1706BC31CCC6}"
EndProject
Project("{9A19103F-16F7-4668-BE54-9A1E7A4F7556}") = "OptionsShared", "C:\Users\rachalupa\source\repos\OptionsShared\OptionsShared.csproj", "{B39EC6C2-386F-452A-8D38-757D2CB0908D}"
EndProject
Global
	GlobalSection(SolutionConfigurationPlatforms) = preSolution
		Debug|Any CPU = Debug|Any CPU
		Debug|x64 = Debug|x64
		Debug|x86 = Debug|x86
		Release|Any CPU = Release|Any CPU
		Release|x64 = Release|x64
		Release|x86 = Release|x86
	EndGlobalSection
	GlobalSection(ProjectConfigurationPlatforms) = postSolution
		{12BB7BF0-7C59-4E95-80C4-56A6BCBF5321}.Debug|Any CPU.ActiveCfg = Debug|Any CPU
		{12BB7BF0-7C59-4E95-80C4-56A6BCBF5321}.Debug|Any CPU.Build.0 = Debug|Any CPU
		{12BB7BF0-7C59-4E95-80C4-56A6BCBF5321}.Debug|x64.ActiveCfg = Debug|Any CPU
		{12BB7BF0-7C59-4E95-80C4-56A6BCBF5321}.Debug|x64.Build.0 = Debug|Any CPU
		{12BB7BF0-7C59-4E95-80C4-56A6BCBF5321}.Debug|x86.ActiveCfg = Debug|Any CPU
		{12BB7BF0-7C59-4E95-80C4-56A6BCBF5321}.Debug|x86.Build.0 = Debug|Any CPU
		{12BB7BF0-7C59-4E95-80C4-56A6BCBF5321}.Release|Any CPU.ActiveCfg = Release|Any CPU
		{12BB7BF0-7C59-4E95-80C4-56A6BCBF5321}.Release|Any CPU.Build.0 = Release|Any CPU
		{12BB7BF0-7C59-4E95-80C4-56A6BCBF5321}.Release|x64.ActiveCfg = Release|Any CPU
		{12BB7BF0-7C59-4E95-80C4-56A6BCBF5321}.Release|x64.Build.0 = Release|Any CPU
		{12BB7BF0-7C59-4E95-80C4-56A6BCBF5321}.Release|x86.ActiveCfg = Release|Any CPU
		{12BB7BF0-7C59-4E95-80C4-56A6BCBF5321}.Release|x86.Build.0 = Release|Any CPU
		{AEE6791A-68A0-4526-88AA-8CEF0F35D28A}.Debug|Any CPU.ActiveCfg = Debug|Any CPU
		{AEE6791A-68A0-4526-88AA-8CEF0F35D28A}.Debug|Any CPU.Build.0 = Debug|Any CPU
		{AEE6791A-68A0-4526-88AA-8CEF0F35D28A}.Debug|x64.ActiveCfg = Debug|Any CPU
		{AEE6791A-68A0-4526-88AA-8CEF0F35D28A}.Debug|x64.Build.0 = Debug|Any CPU
		{AEE6791A-68A0-4526-88AA-8CEF0F35D28A}.Debug|x86.ActiveCfg = Debug|Any CPU
		{AEE6791A-68A0-4526-88AA-8CEF0F35D28A}.Debug|x86.Build.0 = Debug|Any CPU
		{AEE6791A-68A0-4526-88AA-8CEF0F35D28A}.Release|Any CPU.ActiveCfg = Release|Any CPU
		{AEE6791A-68A0-4526-88AA-8CEF0F35D28A}.Release|Any CPU.Build.0 = Release|Any CPU
		{AEE6791A-68A0-4526-88AA-8CEF0F35D28A}.Release|x64.ActiveCfg = Release|Any CPU
		{AEE6791A-68A0-4526-88AA-8CEF0F35D28A}.Release|x64.Build.0 = Release|Any CPU
		{AEE6791A-68A0-4526-88AA-8CEF0F35D28A}.Release|x86.ActiveCfg = Release|Any CPU
		{AEE6791A-68A0-4526-88AA-8CEF0F35D28A}.Release|x86.Build.0 = Release|Any CPU
		{E14070D3-71B3-4CF2-ACCA-8F42EEA2054C}.Debug|Any CPU.ActiveCfg = Debug|Any CPU
		{E14070D3-71B3-4CF2-ACCA-8F42EEA2054C}.Debug|Any CPU.Build.0 = Debug|Any CPU
		{E14070D3-71B3-4CF2-ACCA-8F42EEA2054C}.Debug|x64.ActiveCfg = Debug|Any CPU
		{E14070D3-71B3-4CF2-ACCA-8F42EEA2054C}.Debug|x64.Build.0 = Debug|Any CPU
		{E14070D3-71B3-4CF2-ACCA-8F42EEA2054C}.Debug|x86.ActiveCfg = Debug|Any CPU
		{E14070D3-71B3-4CF2-ACCA-8F42EEA2054C}.Debug|x86.Build.0 = Debug|Any CPU
		{E14070D3-71B3-4CF2-ACCA-8F42EEA2054C}.Release|Any CPU.ActiveCfg = Release|Any CPU
		{E14070D3-71B3-4CF2-ACCA-8F42EEA2054C}.Release|Any CPU.Build.0 = Release|Any CPU
		{E14070D3-71B3-4CF2-ACCA-8F42EEA2054C}.Release|x64.ActiveCfg = Release|Any CPU
		{E14070D3-71B3-4CF2-ACCA-8F42EEA2054C}.Release|x64.Build.0 = Release|Any CPU
		{E14070D3-71B3-4CF2-ACCA-8F42EEA2054C}.Release|x86.ActiveCfg = Release|Any CPU
		{E14070D3-71B3-4CF2-ACCA-8F42EEA2054C}.Release|x86.Build.0 = Release|Any CPU
		{6AC5BE55-759C-492D-95F6-EE2F033A5BC3}.Debug|Any CPU.ActiveCfg = Debug|Any CPU
		{6AC5BE55-759C-492D-95F6-EE2F033A5BC3}.Debug|Any CPU.Build.0 = Debug|Any CPU
		{6AC5BE55-759C-492D-95F6-EE2F033A5BC3}.Debug|x64.ActiveCfg = Debug|Any CPU
		{6AC5BE55-759C-492D-95F6-EE2F033A5BC3}.Debug|x64.Build.0 = Debug|Any CPU
		{6AC5BE55-759C-492D-95F6-EE2F033A5BC3}.Debug|x86.ActiveCfg = Debug|Any CPU
		{6AC5BE55-759C-492D-95F6-EE2F033A5BC3}.Debug|x86.Build.0 = Debug|Any CPU
		{6AC5BE55-759C-492D-95F6-EE2F033A5BC3}.Release|Any CPU.ActiveCfg = Release|Any CPU
		{6AC5BE55-759C-492D-95F6-EE2F033A5BC3}.Release|Any CPU.Build.0 = Release|Any CPU
		{6AC5BE55-759C-492D-95F6-EE2F033A5BC3}.Release|x64.ActiveCfg = Release|Any CPU
		{6AC5BE55-759C-492D-95F6-EE2F033A5BC3}.Release|x64.Build.0 = Release|Any CPU
		{6AC5BE55-759C-492D-95F6-EE2F033A5BC3}.Release|x86.ActiveCfg = Release|Any CPU
		{6AC5BE55-759C-492D-95F6-EE2F033A5BC3}.Release|x86.Build.0 = Release|Any CPU
		{83833868-4A94-4B95-ABA7-1706BC31CCC6}.Debug|Any CPU.ActiveCfg = Debug|Any CPU
		{83833868-4A94-4B95-ABA7-1706BC31CCC6}.Debug|Any CPU.Build.0 = Debug|Any CPU
		{83833868-4A94-4B95-ABA7-1706BC31CCC6}.Debug|x64.ActiveCfg = Debug|Any CPU
		{83833868-4A94-4B95-ABA7-1706BC31CCC6}.Debug|x64.Build.0 = Debug|Any CPU
		{83833868-4A94-4B95-ABA7-1706BC31CCC6}.Debug|x86.ActiveCfg = Debug|Any CPU
		{83833868-4A94-4B95-ABA7-1706BC31CCC6}.Debug|x86.Build.0 = Debug|Any CPU
		{83833868-4A94-4B95-ABA7-1706BC31CCC6}.Release|Any CPU.ActiveCfg = Release|Any CPU
		{83833868-4A94-4B95-ABA7-1706BC31CCC6}.Release|Any CPU.Build.0 = Release|Any CPU
		{83833868-4A94-4B95-ABA7-1706BC31CCC6}.Release|x64.ActiveCfg = Release|Any CPU
		{83833868-4A94-4B95-ABA7-1706BC31CCC6}.Release|x64.Build.0 = Release|Any CPU
		{83833868-4A94-4B95-ABA7-1706BC31CCC6}.Release|x86.ActiveCfg = Release|Any CPU
		{83833868-4A94-4B95-ABA7-1706BC31CCC6}.Release|x86.Build.0 = Release|Any CPU
		{B39EC6C2-386F-452A-8D38-757D2CB0908D}.Debug|Any CPU.ActiveCfg = Debug|Any CPU
		{B39EC6C2-386F-452A-8D38-757D2CB0908D}.Debug|Any CPU.Build.0 = Debug|Any CPU
		{B39EC6C2-386F-452A-8D38-757D2CB0908D}.Debug|x64.ActiveCfg = Debug|Any CPU
		{B39EC6C2-386F-452A-8D38-757D2CB0908D}.Debug|x64.Build.0 = Debug|Any CPU
		{B39EC6C2-386F-452A-8D38-757D2CB0908D}.Debug|x86.ActiveCfg = Debug|Any CPU
		{B39EC6C2-386F-452A-8D38-757D2CB0908D}.Debug|x86.Build.0 = Debug|Any CPU
		{B39EC6C2-386F-452A-8D38-757D2CB0908D}.Release|Any CPU.ActiveCfg = Release|Any CPU
		{B39EC6C2-386F-452A-8D38-757D2CB0908D}.Release|Any CPU.Build.0 = Release|Any CPU
		{B39EC6C2-386F-452A-8D38-757D2CB0908D}.Release|x64.ActiveCfg = Release|Any CPU
		{B39EC6C2-386F-452A-8D38-757D2CB0908D}.Release|x64.Build.0 = Release|Any CPU
		{B39EC6C2-386F-452A-8D38-757D2CB0908D}.Release|x86.ActiveCfg = Release|Any CPU
		{B39EC6C2-386F-452A-8D38-757D2CB0908D}.Release|x86.Build.0 = Release|Any CPU
	EndGlobalSection
	GlobalSection(SolutionProperties) = preSolution
		HideSolutionNode = FALSE
	EndGlobalSection
	GlobalSection(ExtensibilityGlobals) = postSolution
		SolutionGuid = {A629F572-4FEF-49B0-9D97-2A2D63A669A1}
	EndGlobalSection
EndGlobal
